
Microsoft Visual Studio Solution File, Format Version 12.00
# Visual Studio Version 17
VisualStudioVersion = 17.7.34221.43
MinimumVisualStudioVersion = 10.0.40219.1
Project("{FAE04EC0-301F-11D3-BF4B-00C04F79EFBC}") = "UPPMigrated", "UPPMigrated\UPPMigrated.csproj", "{5A45BB87-64EB-43E5-82EC-35840EA459CC}"
EndProject
Global
	GlobalSection(SolutionConfigurationPlatforms) = preSolution
		Debug|Any CPU = Debug|Any CPU
		Release|Any CPU = Release|Any CPU
	EndGlobalSection
	GlobalSection(ProjectConfigurationPlatforms) = postSolution
		{5A45BB87-64EB-43E5-82EC-35840EA459CC}.Debug|Any CPU.ActiveCfg = Debug|Any CPU
		{5A45BB87-64EB-43E5-82EC-35840EA459CC}.Debug|Any CPU.Build.0 = Debug|Any CPU
		{5A45BB87-64EB-43E5-82EC-35840EA459CC}.Release|Any CPU.ActiveCfg = Release|Any CPU
		{5A45BB87-64EB-43E5-82EC-35840EA459CC}.Release|Any CPU.Build.0 = Release|Any CPU
	EndGlobalSection
	GlobalSection(SolutionProperties) = preSolution
		HideSolutionNode = FALSE
	EndGlobalSection
	GlobalSection(ExtensibilityGlobals) = postSolution
		SolutionGuid = {65CCF871-7B95-4EE0-B10C-6B84F9DCC829}
	EndGlobalSection
EndGlobal
